
Microsoft Visual Studio Solution File, Format Version 12.00
# Visual Studio 2013
VisualStudioVersion = 12.0.40629.0
MinimumVisualStudioVersion = 10.0.40219.1
Project("{FAE04EC0-301F-11D3-BF4B-00C04F79EFBC}") = "HelloMicroservice", "HelloMicroservice\HelloMicroservice.csproj", "{0F86E5D6-23A4-433E-B13F-1DD48E7A885C}"
EndProject
Project("{FAE04EC0-301F-11D3-BF4B-00C04F79EFBC}") = "StandAloneClient", "StandAloneClient\StandAloneClient.csproj", "{BFC323EF-DC05-46BC-BCDC-CBCFF13580A3}"
EndProject
Global
	GlobalSection(SolutionConfigurationPlatforms) = preSolution
		Debug|Any CPU = Debug|Any CPU
		Release|Any CPU = Release|Any CPU
	EndGlobalSection
	GlobalSection(ProjectConfigurationPlatforms) = postSolution
		{0F86E5D6-23A4-433E-B13F-1DD48E7A885C}.Debug|Any CPU.ActiveCfg = Debug|Any CPU
		{0F86E5D6-23A4-433E-B13F-1DD48E7A885C}.Debug|Any CPU.Build.0 = Debug|Any CPU
		{0F86E5D6-23A4-433E-B13F-1DD48E7A885C}.Release|Any CPU.ActiveCfg = Release|Any CPU
		{0F86E5D6-23A4-433E-B13F-1DD48E7A885C}.Release|Any CPU.Build.0 = Release|Any CPU
		{BFC323EF-DC05-46BC-BCDC-CBCFF13580A3}.Debug|Any CPU.ActiveCfg = Debug|Any CPU
		{BFC323EF-DC05-46BC-BCDC-CBCFF13580A3}.Debug|Any CPU.Build.0 = Debug|Any CPU
		{BFC323EF-DC05-46BC-BCDC-CBCFF13580A3}.Release|Any CPU.ActiveCfg = Release|Any CPU
		{BFC323EF-DC05-46BC-BCDC-CBCFF13580A3}.Release|Any CPU.Build.0 = Release|Any CPU
	EndGlobalSection
	GlobalSection(SolutionProperties) = preSolution
		HideSolutionNode = FALSE
	EndGlobalSection
EndGlobal
